// !$*UTF8*$!
{
	archiveVersion = 1;
	classes = {
	};
	objectVersion = 46;
	objects = {

/* Begin PBXBuildFile section */
		558313CF5D7DF4DBC246DBEF /* libPods.a in Frameworks */ = {isa = PBXBuildFile; fileRef = BBC1606448D6F34440BA175A /* libPods.a */; };
		B388AA7C1A4B089F00FD626E /* AOFile.m in Sources */ = {isa = PBXBuildFile; fileRef = B388AA7B1A4B089F00FD626E /* AOFile.m */; };
		B3F635001A4B00FB00A2D4B5 /* main.m in Sources */ = {isa = PBXBuildFile; fileRef = B3F634FF1A4B00FB00A2D4B5 /* main.m */; };
		B3F635031A4B00FB00A2D4B5 /* AppDelegate.m in Sources */ = {isa = PBXBuildFile; fileRef = B3F635021A4B00FB00A2D4B5 /* AppDelegate.m */; };
		B3F635061A4B00FC00A2D4B5 /* ViewController.m in Sources */ = {isa = PBXBuildFile; fileRef = B3F635051A4B00FC00A2D4B5 /* ViewController.m */; };
		B3F635091A4B00FC00A2D4B5 /* Main.storyboard in Resources */ = {isa = PBXBuildFile; fileRef = B3F635071A4B00FC00A2D4B5 /* Main.storyboard */; };
		B3F6350B1A4B00FC00A2D4B5 /* Images.xcassets in Resources */ = {isa = PBXBuildFile; fileRef = B3F6350A1A4B00FC00A2D4B5 /* Images.xcassets */; };
		B3F6350E1A4B00FC00A2D4B5 /* LaunchScreen.xib in Resources */ = {isa = PBXBuildFile; fileRef = B3F6350C1A4B00FC00A2D4B5 /* LaunchScreen.xib */; };
		B3F6351A1A4B00FC00A2D4B5 /* MDMNetManagerTests.m in Sources */ = {isa = PBXBuildFile; fileRef = B3F635191A4B00FC00A2D4B5 /* MDMNetManagerTests.m */; };
		B3F635281A4B031E00A2D4B5 /* AOInfoNetManager.m in Sources */ = {isa = PBXBuildFile; fileRef = B3F635271A4B031E00A2D4B5 /* AOInfoNetManager.m */; };
		B3F6352B1A4B03B100A2D4B5 /* AOAppModel.m in Sources */ = {isa = PBXBuildFile; fileRef = B3F6352A1A4B03B100A2D4B5 /* AOAppModel.m */; };
/* End PBXBuildFile section */

/* Begin PBXContainerItemProxy section */
		B3F635141A4B00FC00A2D4B5 /* PBXContainerItemProxy */ = {
			isa = PBXContainerItemProxy;
			containerPortal = B3F634F21A4B00F900A2D4B5 /* Project object */;
			proxyType = 1;
			remoteGlobalIDString = B3F634F91A4B00FA00A2D4B5;
			remoteInfo = MDMNetManager;
		};
/* End PBXContainerItemProxy section */

/* Begin PBXFileReference section */
		9412ACD037C2F8DF12F5B839 /* Pods.debug.xcconfig */ = {isa = PBXFileReference; includeInIndex = 1; lastKnownFileType = text.xcconfig; name = Pods.debug.xcconfig; path = "Pods/Target Support Files/Pods/Pods.debug.xcconfig"; sourceTree = "<group>"; };
		B388AA7A1A4B089F00FD626E /* AOFile.h */ = {isa = PBXFileReference; fileEncoding = 4; lastKnownFileType = sourcecode.c.h; path = AOFile.h; sourceTree = "<group>"; };
		B388AA7B1A4B089F00FD626E /* AOFile.m */ = {isa = PBXFileReference; fileEncoding = 4; lastKnownFileType = sourcecode.c.objc; path = AOFile.m; sourceTree = "<group>"; };
		B3F634FA1A4B00FA00A2D4B5 /* MDMNetManager.app */ = {isa = PBXFileReference; explicitFileType = wrapper.application; includeInIndex = 0; path = MDMNetManager.app; sourceTree = BUILT_PRODUCTS_DIR; };
		B3F634FE1A4B00FA00A2D4B5 /* Info.plist */ = {isa = PBXFileReference; lastKnownFileType = text.plist.xml; path = Info.plist; sourceTree = "<group>"; };
		B3F634FF1A4B00FB00A2D4B5 /* main.m */ = {isa = PBXFileReference; lastKnownFileType = sourcecode.c.objc; path = main.m; sourceTree = "<group>"; };
		B3F635011A4B00FB00A2D4B5 /* AppDelegate.h */ = {isa = PBXFileReference; lastKnownFileType = sourcecode.c.h; path = AppDelegate.h; sourceTree = "<group>"; };
		B3F635021A4B00FB00A2D4B5 /* AppDelegate.m */ = {isa = PBXFileReference; lastKnownFileType = sourcecode.c.objc; path = AppDelegate.m; sourceTree = "<group>"; };
		B3F635041A4B00FB00A2D4B5 /* ViewController.h */ = {isa = PBXFileReference; lastKnownFileType = sourcecode.c.h; path = ViewController.h; sourceTree = "<group>"; };
		B3F635051A4B00FC00A2D4B5 /* ViewController.m */ = {isa = PBXFileReference; lastKnownFileType = sourcecode.c.objc; path = ViewController.m; sourceTree = "<group>"; };
		B3F635081A4B00FC00A2D4B5 /* Base */ = {isa = PBXFileReference; lastKnownFileType = file.storyboard; name = Base; path = Base.lproj/Main.storyboard; sourceTree = "<group>"; };
		B3F6350A1A4B00FC00A2D4B5 /* Images.xcassets */ = {isa = PBXFileReference; lastKnownFileType = folder.assetcatalog; path = Images.xcassets; sourceTree = "<group>"; };
		B3F6350D1A4B00FC00A2D4B5 /* Base */ = {isa = PBXFileReference; lastKnownFileType = file.xib; name = Base; path = Base.lproj/LaunchScreen.xib; sourceTree = "<group>"; };
		B3F635131A4B00FC00A2D4B5 /* MDMNetManagerTests.xctest */ = {isa = PBXFileReference; explicitFileType = wrapper.cfbundle; includeInIndex = 0; path = MDMNetManagerTests.xctest; sourceTree = BUILT_PRODUCTS_DIR; };
		B3F635181A4B00FC00A2D4B5 /* Info.plist */ = {isa = PBXFileReference; lastKnownFileType = text.plist.xml; path = Info.plist; sourceTree = "<group>"; };
		B3F635191A4B00FC00A2D4B5 /* MDMNetManagerTests.m */ = {isa = PBXFileReference; lastKnownFileType = sourcecode.c.objc; path = MDMNetManagerTests.m; sourceTree = "<group>"; };
		B3F635261A4B031E00A2D4B5 /* AOInfoNetManager.h */ = {isa = PBXFileReference; fileEncoding = 4; lastKnownFileType = sourcecode.c.h; path = AOInfoNetManager.h; sourceTree = "<group>"; };
		B3F635271A4B031E00A2D4B5 /* AOInfoNetManager.m */ = {isa = PBXFileReference; fileEncoding = 4; lastKnownFileType = sourcecode.c.objc; path = AOInfoNetManager.m; sourceTree = "<group>"; };
		B3F635291A4B03B100A2D4B5 /* AOAppModel.h */ = {isa = PBXFileReference; fileEncoding = 4; lastKnownFileType = sourcecode.c.h; path = AOAppModel.h; sourceTree = "<group>"; };
		B3F6352A1A4B03B100A2D4B5 /* AOAppModel.m */ = {isa = PBXFileReference; fileEncoding = 4; lastKnownFileType = sourcecode.c.objc; path = AOAppModel.m; sourceTree = "<group>"; };
		BBC1606448D6F34440BA175A /* libPods.a */ = {isa = PBXFileReference; explicitFileType = archive.ar; includeInIndex = 0; path = libPods.a; sourceTree = BUILT_PRODUCTS_DIR; };
		E2130B7D9510386DAD5C2EA6 /* Pods.release.xcconfig */ = {isa = PBXFileReference; includeInIndex = 1; lastKnownFileType = text.xcconfig; name = Pods.release.xcconfig; path = "Pods/Target Support Files/Pods/Pods.release.xcconfig"; sourceTree = "<group>"; };
/* End PBXFileReference section */

/* Begin PBXFrameworksBuildPhase section */
		B3F634F71A4B00FA00A2D4B5 /* Frameworks */ = {
			isa = PBXFrameworksBuildPhase;
			buildActionMask = 2147483647;
			files = (
				558313CF5D7DF4DBC246DBEF /* libPods.a in Frameworks */,
			);
			runOnlyForDeploymentPostprocessing = 0;
		};
		B3F635101A4B00FC00A2D4B5 /* Frameworks */ = {
			isa = PBXFrameworksBuildPhase;
			buildActionMask = 2147483647;
			files = (
			);
			runOnlyForDeploymentPostprocessing = 0;
		};
/* End PBXFrameworksBuildPhase section */

/* Begin PBXGroup section */
		779E5BB645557B3D3372FC32 /* Pods */ = {
			isa = PBXGroup;
			children = (
				9412ACD037C2F8DF12F5B839 /* Pods.debug.xcconfig */,
				E2130B7D9510386DAD5C2EA6 /* Pods.release.xcconfig */,
			);
			name = Pods;
			sourceTree = "<group>";
		};
		AE35D5705C724FFC8BE3C85F /* Frameworks */ = {
			isa = PBXGroup;
			children = (
				BBC1606448D6F34440BA175A /* libPods.a */,
			);
			name = Frameworks;
			sourceTree = "<group>";
		};
		B3F634F11A4B00F900A2D4B5 = {
			isa = PBXGroup;
			children = (
				B3F634FC1A4B00FA00A2D4B5 /* MDMNetManager */,
				B3F635161A4B00FC00A2D4B5 /* MDMNetManagerTests */,
				B3F634FB1A4B00FA00A2D4B5 /* Products */,
				779E5BB645557B3D3372FC32 /* Pods */,
				AE35D5705C724FFC8BE3C85F /* Frameworks */,
			);
			sourceTree = "<group>";
		};
		B3F634FB1A4B00FA00A2D4B5 /* Products */ = {
			isa = PBXGroup;
			children = (
				B3F634FA1A4B00FA00A2D4B5 /* MDMNetManager.app */,
				B3F635131A4B00FC00A2D4B5 /* MDMNetManagerTests.xctest */,
			);
			name = Products;
			sourceTree = "<group>";
		};
		B3F634FC1A4B00FA00A2D4B5 /* MDMNetManager */ = {
			isa = PBXGroup;
			children = (
				B3F635231A4B02BB00A2D4B5 /* Classes */,
				B3F635011A4B00FB00A2D4B5 /* AppDelegate.h */,
				B3F635021A4B00FB00A2D4B5 /* AppDelegate.m */,
				B3F635041A4B00FB00A2D4B5 /* ViewController.h */,
				B3F635051A4B00FC00A2D4B5 /* ViewController.m */,
				B3F635071A4B00FC00A2D4B5 /* Main.storyboard */,
				B3F6350A1A4B00FC00A2D4B5 /* Images.xcassets */,
				B3F6350C1A4B00FC00A2D4B5 /* LaunchScreen.xib */,
				B3F634FD1A4B00FA00A2D4B5 /* Supporting Files */,
			);
			path = MDMNetManager;
			sourceTree = "<group>";
		};
		B3F634FD1A4B00FA00A2D4B5 /* Supporting Files */ = {
			isa = PBXGroup;
			children = (
				B3F634FE1A4B00FA00A2D4B5 /* Info.plist */,
				B3F634FF1A4B00FB00A2D4B5 /* main.m */,
			);
			name = "Supporting Files";
			sourceTree = "<group>";
		};
		B3F635161A4B00FC00A2D4B5 /* MDMNetManagerTests */ = {
			isa = PBXGroup;
			children = (
				B3F635191A4B00FC00A2D4B5 /* MDMNetManagerTests.m */,
				B3F635171A4B00FC00A2D4B5 /* Supporting Files */,
			);
			path = MDMNetManagerTests;
			sourceTree = "<group>";
		};
		B3F635171A4B00FC00A2D4B5 /* Supporting Files */ = {
			isa = PBXGroup;
			children = (
				B3F635181A4B00FC00A2D4B5 /* Info.plist */,
			);
			name = "Supporting Files";
			sourceTree = "<group>";
		};
		B3F635231A4B02BB00A2D4B5 /* Classes */ = {
			isa = PBXGroup;
			children = (
				B3F635261A4B031E00A2D4B5 /* AOInfoNetManager.h */,
				B3F635271A4B031E00A2D4B5 /* AOInfoNetManager.m */,
				B3F635291A4B03B100A2D4B5 /* AOAppModel.h */,
				B3F6352A1A4B03B100A2D4B5 /* AOAppModel.m */,
				B388AA7A1A4B089F00FD626E /* AOFile.h */,
				B388AA7B1A4B089F00FD626E /* AOFile.m */,
			);
			name = Classes;
			path = ../../Classes;
			sourceTree = "<group>";
		};
/* End PBXGroup section */

/* Begin PBXNativeTarget section */
		B3F634F91A4B00FA00A2D4B5 /* MDMNetManager */ = {
			isa = PBXNativeTarget;
			buildConfigurationList = B3F6351D1A4B00FC00A2D4B5 /* Build configuration list for PBXNativeTarget "MDMNetManager" */;
			buildPhases = (
				8E6C08957F638BB4FD069345 /* Check Pods Manifest.lock */,
				B3F634F61A4B00FA00A2D4B5 /* Sources */,
				B3F634F71A4B00FA00A2D4B5 /* Frameworks */,
				B3F634F81A4B00FA00A2D4B5 /* Resources */,
				5305E218E54754DAEDFE704F /* Copy Pods Resources */,
			);
			buildRules = (
			);
			dependencies = (
			);
			name = MDMNetManager;
			productName = MDMNetManager;
			productReference = B3F634FA1A4B00FA00A2D4B5 /* MDMNetManager.app */;
			productType = "com.apple.product-type.application";
		};
		B3F635121A4B00FC00A2D4B5 /* MDMNetManagerTests */ = {
			isa = PBXNativeTarget;
			buildConfigurationList = B3F635201A4B00FC00A2D4B5 /* Build configuration list for PBXNativeTarget "MDMNetManagerTests" */;
			buildPhases = (
				B3F6350F1A4B00FC00A2D4B5 /* Sources */,
				B3F635101A4B00FC00A2D4B5 /* Frameworks */,
				B3F635111A4B00FC00A2D4B5 /* Resources */,
			);
			buildRules = (
			);
			dependencies = (
				B3F635151A4B00FC00A2D4B5 /* PBXTargetDependency */,
			);
			name = MDMNetManagerTests;
			productName = MDMNetManagerTests;
			productReference = B3F635131A4B00FC00A2D4B5 /* MDMNetManagerTests.xctest */;
			productType = "com.apple.product-type.bundle.unit-test";
		};
/* End PBXNativeTarget section */

/* Begin PBXProject section */
		B3F634F21A4B00F900A2D4B5 /* Project object */ = {
			isa = PBXProject;
			attributes = {
				CLASSPREFIX = AO;
				LastUpgradeCheck = 0610;
				ORGANIZATIONNAME = alekoleg;
				TargetAttributes = {
					B3F634F91A4B00FA00A2D4B5 = {
						CreatedOnToolsVersion = 6.1;
					};
					B3F635121A4B00FC00A2D4B5 = {
						CreatedOnToolsVersion = 6.1;
						TestTargetID = B3F634F91A4B00FA00A2D4B5;
					};
				};
			};
			buildConfigurationList = B3F634F51A4B00F900A2D4B5 /* Build configuration list for PBXProject "MDMNetManager" */;
			compatibilityVersion = "Xcode 3.2";
			developmentRegion = English;
			hasScannedForEncodings = 0;
			knownRegions = (
				en,
				Base,
			);
			mainGroup = B3F634F11A4B00F900A2D4B5;
			productRefGroup = B3F634FB1A4B00FA00A2D4B5 /* Products */;
			projectDirPath = "";
			projectRoot = "";
			targets = (
				B3F634F91A4B00FA00A2D4B5 /* MDMNetManager */,
				B3F635121A4B00FC00A2D4B5 /* MDMNetManagerTests */,
			);
		};
/* End PBXProject section */

/* Begin PBXResourcesBuildPhase section */
		B3F634F81A4B00FA00A2D4B5 /* Resources */ = {
			isa = PBXResourcesBuildPhase;
			buildActionMask = 2147483647;
			files = (
				B3F635091A4B00FC00A2D4B5 /* Main.storyboard in Resources */,
				B3F6350E1A4B00FC00A2D4B5 /* LaunchScreen.xib in Resources */,
				B3F6350B1A4B00FC00A2D4B5 /* Images.xcassets in Resources */,
			);
			runOnlyForDeploymentPostprocessing = 0;
		};
		B3F635111A4B00FC00A2D4B5 /* Resources */ = {
			isa = PBXResourcesBuildPhase;
			buildActionMask = 2147483647;
			files = (
			);
			runOnlyForDeploymentPostprocessing = 0;
		};
/* End PBXResourcesBuildPhase section */

/* Begin PBXShellScriptBuildPhase section */
		5305E218E54754DAEDFE704F /* Copy Pods Resources */ = {
			isa = PBXShellScriptBuildPhase;
			buildActionMask = 2147483647;
			files = (
			);
			inputPaths = (
			);
			name = "Copy Pods Resources";
			outputPaths = (
			);
			runOnlyForDeploymentPostprocessing = 0;
			shellPath = /bin/sh;
			shellScript = "\"${SRCROOT}/Pods/Target Support Files/Pods/Pods-resources.sh\"\n";
			showEnvVarsInLog = 0;
		};
		8E6C08957F638BB4FD069345 /* Check Pods Manifest.lock */ = {
			isa = PBXShellScriptBuildPhase;
			buildActionMask = 2147483647;
			files = (
			);
			inputPaths = (
			);
			name = "Check Pods Manifest.lock";
			outputPaths = (
			);
			runOnlyForDeploymentPostprocessing = 0;
			shellPath = /bin/sh;
			shellScript = "diff \"${PODS_ROOT}/../Podfile.lock\" \"${PODS_ROOT}/Manifest.lock\" > /dev/null\nif [[ $? != 0 ]] ; then\n    cat << EOM\nerror: The sandbox is not in sync with the Podfile.lock. Run 'pod install' or update your CocoaPods installation.\nEOM\n    exit 1\nfi\n";
			showEnvVarsInLog = 0;
		};
/* End PBXShellScriptBuildPhase section */

/* Begin PBXSourcesBuildPhase section */
		B3F634F61A4B00FA00A2D4B5 /* Sources */ = {
			isa = PBXSourcesBuildPhase;
			buildActionMask = 2147483647;
			files = (
				B3F635061A4B00FC00A2D4B5 /* ViewController.m in Sources */,
				B3F6352B1A4B03B100A2D4B5 /* AOAppModel.m in Sources */,
				B3F635031A4B00FB00A2D4B5 /* AppDelegate.m in Sources */,
				B388AA7C1A4B089F00FD626E /* AOFile.m in Sources */,
				B3F635001A4B00FB00A2D4B5 /* main.m in Sources */,
				B3F635281A4B031E00A2D4B5 /* AOInfoNetManager.m in Sources */,
			);
			runOnlyForDeploymentPostprocessing = 0;
		};
		B3F6350F1A4B00FC00A2D4B5 /* Sources */ = {
			isa = PBXSourcesBuildPhase;
			buildActionMask = 2147483647;
			files = (
				B3F6351A1A4B00FC00A2D4B5 /* MDMNetManagerTests.m in Sources */,
			);
			runOnlyForDeploymentPostprocessing = 0;
		};
/* End PBXSourcesBuildPhase section */

/* Begin PBXTargetDependency section */
		B3F635151A4B00FC00A2D4B5 /* PBXTargetDependency */ = {
			isa = PBXTargetDependency;
			target = B3F634F91A4B00FA00A2D4B5 /* MDMNetManager */;
			targetProxy = B3F635141A4B00FC00A2D4B5 /* PBXContainerItemProxy */;
		};
/* End PBXTargetDependency section */

/* Begin PBXVariantGroup section */
		B3F635071A4B00FC00A2D4B5 /* Main.storyboard */ = {
			isa = PBXVariantGroup;
			children = (
				B3F635081A4B00FC00A2D4B5 /* Base */,
			);
			name = Main.storyboard;
			sourceTree = "<group>";
		};
		B3F6350C1A4B00FC00A2D4B5 /* LaunchScreen.xib */ = {
			isa = PBXVariantGroup;
			children = (
				B3F6350D1A4B00FC00A2D4B5 /* Base */,
			);
			name = LaunchScreen.xib;
			sourceTree = "<group>";
		};
/* End PBXVariantGroup section */

/* Begin XCBuildConfiguration section */
		B3F6351B1A4B00FC00A2D4B5 /* Debug */ = {
			isa = XCBuildConfiguration;
			buildSettings = {
				ALWAYS_SEARCH_USER_PATHS = NO;
				CLANG_CXX_LANGUAGE_STANDARD = "gnu++0x";
				CLANG_CXX_LIBRARY = "libc++";
				CLANG_ENABLE_MODULES = YES;
				CLANG_ENABLE_OBJC_ARC = YES;
				CLANG_WARN_BOOL_CONVERSION = YES;
				CLANG_WARN_CONSTANT_CONVERSION = YES;
				CLANG_WARN_DIRECT_OBJC_ISA_USAGE = YES_ERROR;
				CLANG_WARN_EMPTY_BODY = YES;
				CLANG_WARN_ENUM_CONVERSION = YES;
				CLANG_WARN_INT_CONVERSION = YES;
				CLANG_WARN_OBJC_ROOT_CLASS = YES_ERROR;
				CLANG_WARN_UNREACHABLE_CODE = YES;
				CLANG_WARN__DUPLICATE_METHOD_MATCH = YES;
				"CODE_SIGN_IDENTITY[sdk=iphoneos*]" = "iPhone Developer";
				COPY_PHASE_STRIP = NO;
				ENABLE_STRICT_OBJC_MSGSEND = YES;
				GCC_C_LANGUAGE_STANDARD = gnu99;
				GCC_DYNAMIC_NO_PIC = NO;
				GCC_OPTIMIZATION_LEVEL = 0;
				GCC_PREPROCESSOR_DEFINITIONS = (
					"DEBUG=1",
					"$(inherited)",
				);
				GCC_SYMBOLS_PRIVATE_EXTERN = NO;
				GCC_WARN_64_TO_32_BIT_CONVERSION = YES;
				GCC_WARN_ABOUT_RETURN_TYPE = YES_ERROR;
				GCC_WARN_UNDECLARED_SELECTOR = YES;
				GCC_WARN_UNINITIALIZED_AUTOS = YES_AGGRESSIVE;
				GCC_WARN_UNUSED_FUNCTION = YES;
				GCC_WARN_UNUSED_VARIABLE = YES;
				IPHONEOS_DEPLOYMENT_TARGET = 8.1;
				MTL_ENABLE_DEBUG_INFO = YES;
				ONLY_ACTIVE_ARCH = YES;
				SDKROOT = iphoneos;
				TARGETED_DEVICE_FAMILY = "1,2";
			};
			name = Debug;
		};
		B3F6351C1A4B00FC00A2D4B5 /* Release */ = {
			isa = XCBuildConfiguration;
			buildSettings = {
				ALWAYS_SEARCH_USER_PATHS = NO;
				CLANG_CXX_LANGUAGE_STANDARD = "gnu++0x";
				CLANG_CXX_LIBRARY = "libc++";
				CLANG_ENABLE_MODULES = YES;
				CLANG_ENABLE_OBJC_ARC = YES;
				CLANG_WARN_BOOL_CONVERSION = YES;
				CLANG_WARN_CONSTANT_CONVERSION = YES;
				CLANG_WARN_DIRECT_OBJC_ISA_USAGE = YES_ERROR;
				CLANG_WARN_EMPTY_BODY = YES;
				CLANG_WARN_ENUM_CONVERSION = YES;
				CLANG_WARN_INT_CONVERSION = YES;
				CLANG_WARN_OBJC_ROOT_CLASS = YES_ERROR;
				CLANG_WARN_UNREACHABLE_CODE = YES;
				CLANG_WARN__DUPLICATE_METHOD_MATCH = YES;
				"CODE_SIGN_IDENTITY[sdk=iphoneos*]" = "iPhone Developer";
				COPY_PHASE_STRIP = YES;
				ENABLE_NS_ASSERTIONS = NO;
				ENABLE_STRICT_OBJC_MSGSEND = YES;
				GCC_C_LANGUAGE_STANDARD = gnu99;
				GCC_WARN_64_TO_32_BIT_CONVERSION = YES;
				GCC_WARN_ABOUT_RETURN_TYPE = YES_ERROR;
				GCC_WARN_UNDECLARED_SELECTOR = YES;
				GCC_WARN_UNINITIALIZED_AUTOS = YES_AGGRESSIVE;
				GCC_WARN_UNUSED_FUNCTION = YES;
				GCC_WARN_UNUSED_VARIABLE = YES;
				IPHONEOS_DEPLOYMENT_TARGET = 8.1;
				MTL_ENABLE_DEBUG_INFO = NO;
				SDKROOT = iphoneos;
				TARGETED_DEVICE_FAMILY = "1,2";
				VALIDATE_PRODUCT = YES;
			};
			name = Release;
		};
		B3F6351E1A4B00FC00A2D4B5 /* Debug */ = {
			isa = XCBuildConfiguration;
			baseConfigurationReference = 9412ACD037C2F8DF12F5B839 /* Pods.debug.xcconfig */;
			buildSettings = {
				ASSETCATALOG_COMPILER_APPICON_NAME = AppIcon;
				INFOPLIST_FILE = MDMNetManager/Info.plist;
				LD_RUNPATH_SEARCH_PATHS = "$(inherited) @executable_path/Frameworks";
				PRODUCT_NAME = "$(TARGET_NAME)";
			};
			name = Debug;
		};
		B3F6351F1A4B00FC00A2D4B5 /* Release */ = {
			isa = XCBuildConfiguration;
			baseConfigurationReference = E2130B7D9510386DAD5C2EA6 /* Pods.release.xcconfig */;
			buildSettings = {
				ASSETCATALOG_COMPILER_APPICON_NAME = AppIcon;
				INFOPLIST_FILE = MDMNetManager/Info.plist;
				LD_RUNPATH_SEARCH_PATHS = "$(inherited) @executable_path/Frameworks";
				PRODUCT_NAME = "$(TARGET_NAME)";
			};
			name = Release;
		};
		B3F635211A4B00FC00A2D4B5 /* Debug */ = {
			isa = XCBuildConfiguration;
			buildSettings = {
				BUNDLE_LOADER = "$(TEST_HOST)";
				FRAMEWORK_SEARCH_PATHS = (
					"$(SDKROOT)/Developer/Library/Frameworks",
					"$(inherited)",
				);
				GCC_PREPROCESSOR_DEFINITIONS = (
					"DEBUG=1",
					"$(inherited)",
				);
				INFOPLIST_FILE = MDMNetManagerTests/Info.plist;
				LD_RUNPATH_SEARCH_PATHS = "$(inherited) @executable_path/Frameworks @loader_path/Frameworks";
				PRODUCT_NAME = "$(TARGET_NAME)";
				TEST_HOST = "$(BUILT_PRODUCTS_DIR)/MDMNetManager.app/MDMNetManager";
			};
			name = Debug;
		};
		B3F635221A4B00FC00A2D4B5 /* Release */ = {
			isa = XCBuildConfiguration;
			buildSettings = {
				BUNDLE_LOADER = "$(TEST_HOST)";
				FRAMEWORK_SEARCH_PATHS = (
					"$(SDKROOT)/Developer/Library/Frameworks",
					"$(inherited)",
				);
				INFOPLIST_FILE = MDMNetManagerTests/Info.plist;
				LD_RUNPATH_SEARCH_PATHS = "$(inherited) @executable_path/Frameworks @loader_path/Frameworks";
				PRODUCT_NAME = "$(TARGET_NAME)";
				TEST_HOST = "$(BUILT_PRODUCTS_DIR)/MDMNetManager.app/MDMNetManager";
			};
			name = Release;
		};
/* End XCBuildConfiguration section */

/* Begin XCConfigurationList section */
		B3F634F51A4B00F900A2D4B5 /* Build configuration list for PBXProject "MDMNetManager" */ = {
			isa = XCConfigurationList;
			buildConfigurations = (
				B3F6351B1A4B00FC00A2D4B5 /* Debug */,
				B3F6351C1A4B00FC00A2D4B5 /* Release */,
			);
			defaultConfigurationIsVisible = 0;
			defaultConfigurationName = Release;
		};
		B3F6351D1A4B00FC00A2D4B5 /* Build configuration list for PBXNativeTarget "MDMNetManager" */ = {
			isa = XCConfigurationList;
			buildConfigurations = (
				B3F6351E1A4B00FC00A2D4B5 /* Debug */,
				B3F6351F1A4B00FC00A2D4B5 /* Release */,
			);
			defaultConfigurationIsVisible = 0;
			defaultConfigurationName = Release;
		};
		B3F635201A4B00FC00A2D4B5 /* Build configuration list for PBXNativeTarget "MDMNetManagerTests" */ = {
			isa = XCConfigurationList;
			buildConfigurations = (
				B3F635211A4B00FC00A2D4B5 /* Debug */,
				B3F635221A4B00FC00A2D4B5 /* Release */,
			);
			defaultConfigurationIsVisible = 0;
			defaultConfigurationName = Release;
		};
/* End XCConfigurationList section */
	};
	rootObject = B3F634F21A4B00F900A2D4B5 /* Project object */;
}
